
Microsoft Visual Studio Solution File, Format Version 12.00
# Visual Studio 14
VisualStudioVersion = 14.0.25420.1
MinimumVisualStudioVersion = 10.0.40219.1
Project("{FAE04EC0-301F-11D3-BF4B-00C04F79EFBC}") = "CryptopiaApi", "CryptopiaApi\CryptopiaApi.csproj", "{30296406-237D-4B4B-8B5A-BDD18F0C2F53}"
EndProject
Project("{FAE04EC0-301F-11D3-BF4B-00C04F79EFBC}") = "TestApp", "TestApp\TestApp.csproj", "{D2B4C405-4A18-4786-A008-B3B27A396916}"
EndProject
Global
	GlobalSection(SolutionConfigurationPlatforms) = preSolution
		Debug|Any CPU = Debug|Any CPU
		Release|Any CPU = Release|Any CPU
	EndGlobalSection
	GlobalSection(ProjectConfigurationPlatforms) = postSolution
		{30296406-237D-4B4B-8B5A-BDD18F0C2F53}.Debug|Any CPU.ActiveCfg = Debug|Any CPU
		{30296406-237D-4B4B-8B5A-BDD18F0C2F53}.Debug|Any CPU.Build.0 = Debug|Any CPU
		{30296406-237D-4B4B-8B5A-BDD18F0C2F53}.Release|Any CPU.ActiveCfg = Release|Any CPU
		{30296406-237D-4B4B-8B5A-BDD18F0C2F53}.Release|Any CPU.Build.0 = Release|Any CPU
		{D2B4C405-4A18-4786-A008-B3B27A396916}.Debug|Any CPU.ActiveCfg = Debug|Any CPU
		{D2B4C405-4A18-4786-A008-B3B27A396916}.Debug|Any CPU.Build.0 = Debug|Any CPU
		{D2B4C405-4A18-4786-A008-B3B27A396916}.Release|Any CPU.ActiveCfg = Release|Any CPU
		{D2B4C405-4A18-4786-A008-B3B27A396916}.Release|Any CPU.Build.0 = Release|Any CPU
	EndGlobalSection
	GlobalSection(SolutionProperties) = preSolution
		HideSolutionNode = FALSE
	EndGlobalSection
EndGlobal
